<?xml version="1.0" encoding="utf-8"?>
<Project ToolsVersion="4.0" xmlns="http://schemas.microsoft.com/developer/msbuild/2003">
  <ItemGroup>
    <Filter Include="Source Files">
      <UniqueIdentifier>{4FC737F1-C7A5-4376-A066-2A32D752A2FF}</UniqueIdentifier>
      <Extensions>cpp;c;cc;cxx;def;odl;idl;hpj;bat;asm;asmx</Extensions>
    </Filter>
    <Filter Include="Header Files">
      <UniqueIdentifier>{93995380-89BD-4b04-88EB-625FBE52EBFB}</UniqueIdentifier>
      <Extensions>h;hh;hpp;hxx;hm;inl;inc;xsd</Extensions>
    </Filter>
    <Filter Include="Resource Files">
      <UniqueIdentifier>{67DA6AB6-F800-4c08-8B7A-83BB121AAD01}</UniqueIdentifier>
      <Extensions>rc;ico;cur;bmp;dlg;rc2;rct;bin;rgs;gif;jpg;jpeg;jpe;resx;tiff;tif;png;wav;mfcribbon-ms</Extensions>
    </Filter>
    <Filter Include="core">
      <UniqueIdentifier>{b149c66f-6e6f-467a-a220-d10f0bf9e96d}</UniqueIdentifier>
    </Filter>
    <Filter Include="src">
      <UniqueIdentifier>{5e56ed0d-7b2f-4200-a300-1722bed2e5e7}</UniqueIdentifier>
    </Filter>
    <Filter Include="src\Map">
      <UniqueIdentifier>{1be449e0-0036-4b8e-8404-c9fcc8918ccc}</UniqueIdentifier>
    </Filter>
    <Filter Include="src\Renderer">
      <UniqueIdentifier>{94e29a92-1260-44cf-99fa-ceaed53fb223}</UniqueIdentifier>
    </Filter>
    <Filter Include="src\Player">
      <UniqueIdentifier>{ffb91fed-5b1f-458d-8b13-b6ae947288a9}</UniqueIdentifier>
    </Filter>
    <Filter Include="src\Shader">
      <UniqueIdentifier>{44c1e063-7861-4753-9d16-64425ad2885f}</UniqueIdentifier>
    </Filter>
    <Filter Include="src\Terrain">
      <UniqueIdentifier>{789b4bed-c55d-4f3d-86b7-14fcb2f12856}</UniqueIdentifier>
    </Filter>
    <Filter Include="src\Model">
      <UniqueIdentifier>{45f8d919-9aec-4ab7-88bf-21923240a7dc}</UniqueIdentifier>
    </Filter>
    <Filter Include="src\shadow">
      <UniqueIdentifier>{3515492e-8362-47fd-a4c4-6badeb7f3d6d}</UniqueIdentifier>
    </Filter>
  </ItemGroup>
  <ItemGroup>
    <ClCompile Include="src\Input.cpp">
      <Filter>src</Filter>
    </ClCompile>
    <ClCompile Include="src\Application.cpp">
      <Filter>src</Filter>
    </ClCompile>
    <ClCompile Include="src\Camera.cpp">
      <Filter>src</Filter>
    </ClCompile>
    <ClCompile Include="src\Performance.cpp">
      <Filter>src</Filter>
    </ClCompile>
    <ClCompile Include="src\text.cpp">
      <Filter>src\Map</Filter>
    </ClCompile>
    <ClCompile Include="src\main.cpp">
      <Filter>src</Filter>
    </ClCompile>
    <ClCompile Include="src\renderer.cpp">
      <Filter>src\Renderer</Filter>
    </ClCompile>
    <ClCompile Include="src\entity.cpp">
      <Filter>src\Player</Filter>
    </ClCompile>
    <ClCompile Include="src\player.cpp">
      <Filter>src\Player</Filter>
    </ClCompile>
    <ClCompile Include="src\light.cpp">
      <Filter>src</Filter>
    </ClCompile>
    <ClCompile Include="src\terrain.cpp">
      <Filter>src\Terrain</Filter>
    </ClCompile>
    <ClCompile Include="src\texture.cpp">
      <Filter>src\Map</Filter>
    </ClCompile>
    <ClCompile Include="src\loadmanager.cpp">
      <Filter>src</Filter>
    </ClCompile>
    <ClCompile Include="src\mesh.cpp">
      <Filter>src\Model</Filter>
    </ClCompile>
    <ClCompile Include="src\model.cpp">
      <Filter>src\Model</Filter>
    </ClCompile>
    <ClCompile Include="src\shader.cpp">
      <Filter>src\Shader</Filter>
    </ClCompile>
    <ClCompile Include="src\forwardshader.cpp">
      <Filter>src\Shader</Filter>
    </ClCompile>
    <ClCompile Include="src\terrainrenderer.cpp">
      <Filter>src\Renderer</Filter>
    </ClCompile>
    <ClCompile Include="src\terrainshader.cpp">
      <Filter>src\Shader</Filter>
    </ClCompile>
    <ClCompile Include="src\EnvironmentRenderer.cpp">
      <Filter>src\Renderer</Filter>
    </ClCompile>
    <ClCompile Include="src\skyshader.cpp">
      <Filter>src\Shader</Filter>
    </ClCompile>
    <ClCompile Include="src\utils.cpp">
      <Filter>src</Filter>
    </ClCompile>
    <ClCompile Include="src\framebuffer.cpp">
      <Filter>src\shadow</Filter>
    </ClCompile>
    <ClCompile Include="src\shadowrenderer.cpp">
      <Filter>src\shadow</Filter>
    </ClCompile>
    <ClCompile Include="src\shadowbbox.cpp">
      <Filter>src\shadow</Filter>
    </ClCompile>
  </ItemGroup>
  <ItemGroup>
    <ClInclude Include="src\config.h">
      <Filter>src</Filter>
    </ClInclude>
    <ClInclude Include="src\Input.h">
      <Filter>src</Filter>
    </ClInclude>
    <ClInclude Include="src\Application.h">
      <Filter>src</Filter>
    </ClInclude>
    <ClInclude Include="src\Initilizer.h">
      <Filter>src</Filter>
    </ClInclude>
    <ClInclude Include="src\Camera.h">
      <Filter>src</Filter>
    </ClInclude>
    <ClInclude Include="src\Performance.h">
      <Filter>src</Filter>
    </ClInclude>
    <ClInclude Include="src\log.h">
      <Filter>src</Filter>
    </ClInclude>
    <ClInclude Include="src\text.h">
      <Filter>src\Map</Filter>
    </ClInclude>
    <ClInclude Include="..\include\core\vec3f.h">
      <Filter>core</Filter>
    </ClInclude>
    <ClInclude Include="..\include\core\vec4f.h">
      <Filter>core</Filter>
    </ClInclude>
    <ClInclude Include="..\include\core\vml.h">
      <Filter>core</Filter>
    </ClInclude>
    <ClInclude Include="..\include\core\color.h">
      <Filter>core</Filter>
    </ClInclude>
    <ClInclude Include="..\include\core\matrix4x4.h">
      <Filter>core</Filter>
    </ClInclude>
    <ClInclude Include="..\include\core\vec2f.h">
      <Filter>core</Filter>
    </ClInclude>
    <ClInclude Include="src\renderer.h">
      <Filter>src\Renderer</Filter>
    </ClInclude>
    <ClInclude Include="src\entity.h">
      <Filter>src\Player</Filter>
    </ClInclude>
    <ClInclude Include="src\player.h">
      <Filter>src\Player</Filter>
    </ClInclude>
    <ClInclude Include="src\abstractrenderer.h">
      <Filter>src\Renderer</Filter>
    </ClInclude>
    <ClInclude Include="src\light.h">
      <Filter>src</Filter>
    </ClInclude>
    <ClInclude Include="src\shadertool.h">
      <Filter>src\Shader</Filter>
    </ClInclude>
    <ClInclude Include="src\shader.h">
      <Filter>src\Shader</Filter>
    </ClInclude>
    <ClInclude Include="src\terrain.h">
      <Filter>src\Terrain</Filter>
    </ClInclude>
    <ClInclude Include="src\texture.h">
      <Filter>src\Map</Filter>
    </ClInclude>
    <ClInclude Include="src\loadmanager.h">
      <Filter>src</Filter>
    </ClInclude>
    <ClInclude Include="src\mesh.h">
      <Filter>src\Model</Filter>
    </ClInclude>
    <ClInclude Include="src\model.h">
      <Filter>src\Model</Filter>
    </ClInclude>
    <ClInclude Include="src\forwardshader.h">
      <Filter>src\Shader</Filter>
    </ClInclude>
    <ClInclude Include="src\terrainrenderer.h">
      <Filter>src\Renderer</Filter>
    </ClInclude>
    <ClInclude Include="src\terrainshader.h">
      <Filter>src\Shader</Filter>
    </ClInclude>
    <ClInclude Include="src\EnvironmentRenderer.h">
      <Filter>src\Renderer</Filter>
    </ClInclude>
    <ClInclude Include="src\skyshader.h">
      <Filter>src\Shader</Filter>
    </ClInclude>
    <ClInclude Include="src\utils.h">
      <Filter>src</Filter>
    </ClInclude>
    <ClInclude Include="src\framebuffer.h">
      <Filter>src\shadow</Filter>
    </ClInclude>
    <ClInclude Include="src\shadowrenderer.h">
      <Filter>src\shadow</Filter>
    </ClInclude>
    <ClInclude Include="src\shadowbbox.h">
      <Filter>src\shadow</Filter>
    </ClInclude>
  </ItemGroup>
  <ItemGroup>
    <None Include="..\data\shader\flat.vert">
      <Filter>Resource Files</Filter>
    </None>
    <None Include="..\data\shader\flat.frag">
      <Filter>Resource Files</Filter>
    </None>
    <None Include="..\data\shader\forward.frag">
      <Filter>Resource Files</Filter>
    </None>
    <None Include="..\data\shader\forward.vert">
      <Filter>Resource Files</Filter>
    </None>
  </ItemGroup>
</Project>